{
  "name": "lib",
  "lockfileVersion": 3,
  "requires": true,
  "packages": {
    "": {
      "dependencies": {
        "socket-enums": "^1.0.0"
      }
    },
    "node_modules/socket-enums": {
      "version": "1.0.0",
      "resolved": "https://registry.npmjs.org/socket-enums/-/socket-enums-1.0.0.tgz",
      "integrity": "sha512-pvscP4uw7XkIqffS4n1pWfO8MSLfzw2AaAAZg39nkxY3Y/5UFp6x0r3sf7aCxqByAj0e+JWu9Rh+Sbd7PngAoA==",
      "license": "ISC"
    }
  }
}
